
Microsoft Visual Studio Solution File, Format Version 12.00
# Visual Studio 14
VisualStudioVersion = 14.0.24720.0
MinimumVisualStudioVersion = 10.0.40219.1
Project("{FAE04EC0-301F-11D3-BF4B-00C04F79EFBC}") = "LibHelper", "LibHelper\LibHelper.csproj", "{D9E2DC6B-3E54-421F-9231-A4F3A799BC4C}"
EndProject
Project("{FAE04EC0-301F-11D3-BF4B-00C04F79EFBC}") = "BauControls", "BauControls\BauControls.csproj", "{F62C525C-5A46-46E1-BD18-450ACAF06E26}"
EndProject
Project("{FAE04EC0-301F-11D3-BF4B-00C04F79EFBC}") = "LibMarkupLanguage", "LibMarkupLanguage\LibMarkupLanguage.csproj", "{CB50D1D9-55E4-4A2B-8EC7-0ADDE8D7E3BD}"
EndProject
Project("{2150E333-8FDC-42A3-9474-1A3956D46DE8}") = "Controls", "Controls", "{382D501B-82AA-410D-8899-102659B4FEC9}"
EndProject
Project("{2150E333-8FDC-42A3-9474-1A3956D46DE8}") = "Common", "Common", "{FE1362BA-310E-489C-86F4-A630C909BA18}"
EndProject
Project("{FAE04EC0-301F-11D3-BF4B-00C04F79EFBC}") = "NSharpDoc", "NSharpDoc\NSharpDoc.csproj", "{5CBDD17F-2CB1-4217-B6EE-443981708FD7}"
EndProject
Project("{2150E333-8FDC-42A3-9474-1A3956D46DE8}") = "Roslyn", "Roslyn", "{782E1C2C-DD48-4453-9939-4C95CA235BAD}"
EndProject
Project("{FAE04EC0-301F-11D3-BF4B-00C04F79EFBC}") = "LibNSharpDoc.Processor", "LibNSharpDoc.Generator\LibNSharpDoc.Processor.csproj", "{F8A09B5B-83A1-4C35-B965-8468399F4523}"
EndProject
Project("{FAE04EC0-301F-11D3-BF4B-00C04F79EFBC}") = "LibNSharpDoc.Models", "LibNSharpDoc.Models\LibNSharpDoc.Models.csproj", "{6F2CFE6B-15A6-48D1-8663-A1248241676F}"
EndProject
Project("{2150E333-8FDC-42A3-9474-1A3956D46DE8}") = "Domain", "Domain", "{4B4EEE35-70E2-4BD4-8234-0DADA50E1C8B}"
EndProject
Project("{2150E333-8FDC-42A3-9474-1A3956D46DE8}") = "SourceCode", "SourceCode", "{F15DA273-00D8-40C6-8233-5B572B0EE150}"
EndProject
Project("{2150E333-8FDC-42A3-9474-1A3956D46DE8}") = "DataBase", "DataBase", "{0C4E34A2-172C-4015-AFB3-658B7FC149D0}"
EndProject
Project("{FAE04EC0-301F-11D3-BF4B-00C04F79EFBC}") = "LibDBProvidersBase", "LibDBProvidersBase\LibDBProvidersBase.csproj", "{E4B1483C-1243-4D6E-B536-37BC3774B32A}"
EndProject
Project("{FAE04EC0-301F-11D3-BF4B-00C04F79EFBC}") = "LibDBSchema", "LibDBSchema\LibDBSchema.csproj", "{ECA1EF9A-84BB-4664-943C-F8E0070569A7}"
EndProject
Project("{FAE04EC0-301F-11D3-BF4B-00C04F79EFBC}") = "LibDBSchemaProvider", "LibDBSchemaProvider\LibDBSchemaProvider.csproj", "{834AFE1E-C2E6-4388-8CA1-C0AB88D49315}"
EndProject
Project("{2150E333-8FDC-42A3-9474-1A3956D46DE8}") = "XMLStructs", "XMLStructs", "{5C854AC3-5A22-4795-AC44-D9F5D27209A6}"
EndProject
Project("{FAE04EC0-301F-11D3-BF4B-00C04F79EFBC}") = "LibSourceCode.Models", "LibSourceCode.Models\LibSourceCode.Models.csproj", "{79076A5C-FAEA-4609-BDB9-1263BFA71185}"
EndProject
Project("{FAE04EC0-301F-11D3-BF4B-00C04F79EFBC}") = "LibSourceCode.Documenter.Common", "LibSourceCode.Documenter.Common\LibSourceCode.Documenter.Common.csproj", "{A6BAD2D5-2767-49DF-9FC6-8AE513818B66}"
EndProject
Project("{FAE04EC0-301F-11D3-BF4B-00C04F79EFBC}") = "LibRoslynManager", "LibRoslynManager\LibRoslynManager.csproj", "{DE28E7DC-6E16-468D-9B11-B64BCE7AF327}"
EndProject
Project("{FAE04EC0-301F-11D3-BF4B-00C04F79EFBC}") = "LibDataBase.Documenter.Common", "LibDataBase.Documenter.Common\LibDataBase.Documenter.Common.csproj", "{2350FDB1-B910-4DE6-81E1-E8075DBBFAB7}"
EndProject
Project("{FAE04EC0-301F-11D3-BF4B-00C04F79EFBC}") = "LibSqlServer.Documenter", "LibSqlServer.Documenter\LibSqlServer.Documenter.csproj", "{A5EFD154-72CB-4E57-8927-FD0BDEE13999}"
EndProject
Project("{FAE04EC0-301F-11D3-BF4B-00C04F79EFBC}") = "LibXMLStructs.Documenter", "LibXMLStructs.Documenter\LibXMLStructs.Documenter.csproj", "{6D46307A-A043-41EB-9877-FFD0800CC404}"
EndProject
Global
	GlobalSection(SolutionConfigurationPlatforms) = preSolution
		Debug|Any CPU = Debug|Any CPU
		Release|Any CPU = Release|Any CPU
	EndGlobalSection
	GlobalSection(ProjectConfigurationPlatforms) = postSolution
		{D9E2DC6B-3E54-421F-9231-A4F3A799BC4C}.Debug|Any CPU.ActiveCfg = Debug|Any CPU
		{D9E2DC6B-3E54-421F-9231-A4F3A799BC4C}.Debug|Any CPU.Build.0 = Debug|Any CPU
		{D9E2DC6B-3E54-421F-9231-A4F3A799BC4C}.Release|Any CPU.ActiveCfg = Release|Any CPU
		{D9E2DC6B-3E54-421F-9231-A4F3A799BC4C}.Release|Any CPU.Build.0 = Release|Any CPU
		{F62C525C-5A46-46E1-BD18-450ACAF06E26}.Debug|Any CPU.ActiveCfg = Debug|Any CPU
		{F62C525C-5A46-46E1-BD18-450ACAF06E26}.Debug|Any CPU.Build.0 = Debug|Any CPU
		{F62C525C-5A46-46E1-BD18-450ACAF06E26}.Release|Any CPU.ActiveCfg = Release|Any CPU
		{F62C525C-5A46-46E1-BD18-450ACAF06E26}.Release|Any CPU.Build.0 = Release|Any CPU
		{CB50D1D9-55E4-4A2B-8EC7-0ADDE8D7E3BD}.Debug|Any CPU.ActiveCfg = Debug|Any CPU
		{CB50D1D9-55E4-4A2B-8EC7-0ADDE8D7E3BD}.Debug|Any CPU.Build.0 = Debug|Any CPU
		{CB50D1D9-55E4-4A2B-8EC7-0ADDE8D7E3BD}.Release|Any CPU.ActiveCfg = Release|Any CPU
		{CB50D1D9-55E4-4A2B-8EC7-0ADDE8D7E3BD}.Release|Any CPU.Build.0 = Release|Any CPU
		{5CBDD17F-2CB1-4217-B6EE-443981708FD7}.Debug|Any CPU.ActiveCfg = Debug|Any CPU
		{5CBDD17F-2CB1-4217-B6EE-443981708FD7}.Debug|Any CPU.Build.0 = Debug|Any CPU
		{5CBDD17F-2CB1-4217-B6EE-443981708FD7}.Release|Any CPU.ActiveCfg = Release|Any CPU
		{5CBDD17F-2CB1-4217-B6EE-443981708FD7}.Release|Any CPU.Build.0 = Release|Any CPU
		{F8A09B5B-83A1-4C35-B965-8468399F4523}.Debug|Any CPU.ActiveCfg = Debug|Any CPU
		{F8A09B5B-83A1-4C35-B965-8468399F4523}.Debug|Any CPU.Build.0 = Debug|Any CPU
		{F8A09B5B-83A1-4C35-B965-8468399F4523}.Release|Any CPU.ActiveCfg = Release|Any CPU
		{F8A09B5B-83A1-4C35-B965-8468399F4523}.Release|Any CPU.Build.0 = Release|Any CPU
		{6F2CFE6B-15A6-48D1-8663-A1248241676F}.Debug|Any CPU.ActiveCfg = Debug|Any CPU
		{6F2CFE6B-15A6-48D1-8663-A1248241676F}.Debug|Any CPU.Build.0 = Debug|Any CPU
		{6F2CFE6B-15A6-48D1-8663-A1248241676F}.Release|Any CPU.ActiveCfg = Release|Any CPU
		{6F2CFE6B-15A6-48D1-8663-A1248241676F}.Release|Any CPU.Build.0 = Release|Any CPU
		{E4B1483C-1243-4D6E-B536-37BC3774B32A}.Debug|Any CPU.ActiveCfg = Debug|Any CPU
		{E4B1483C-1243-4D6E-B536-37BC3774B32A}.Debug|Any CPU.Build.0 = Debug|Any CPU
		{E4B1483C-1243-4D6E-B536-37BC3774B32A}.Release|Any CPU.ActiveCfg = Release|Any CPU
		{E4B1483C-1243-4D6E-B536-37BC3774B32A}.Release|Any CPU.Build.0 = Release|Any CPU
		{ECA1EF9A-84BB-4664-943C-F8E0070569A7}.Debug|Any CPU.ActiveCfg = Debug|Any CPU
		{ECA1EF9A-84BB-4664-943C-F8E0070569A7}.Debug|Any CPU.Build.0 = Debug|Any CPU
		{ECA1EF9A-84BB-4664-943C-F8E0070569A7}.Release|Any CPU.ActiveCfg = Release|Any CPU
		{ECA1EF9A-84BB-4664-943C-F8E0070569A7}.Release|Any CPU.Build.0 = Release|Any CPU
		{834AFE1E-C2E6-4388-8CA1-C0AB88D49315}.Debug|Any CPU.ActiveCfg = Debug|Any CPU
		{834AFE1E-C2E6-4388-8CA1-C0AB88D49315}.Debug|Any CPU.Build.0 = Debug|Any CPU
		{834AFE1E-C2E6-4388-8CA1-C0AB88D49315}.Release|Any CPU.ActiveCfg = Release|Any CPU
		{834AFE1E-C2E6-4388-8CA1-C0AB88D49315}.Release|Any CPU.Build.0 = Release|Any CPU
		{79076A5C-FAEA-4609-BDB9-1263BFA71185}.Debug|Any CPU.ActiveCfg = Debug|Any CPU
		{79076A5C-FAEA-4609-BDB9-1263BFA71185}.Debug|Any CPU.Build.0 = Debug|Any CPU
		{79076A5C-FAEA-4609-BDB9-1263BFA71185}.Release|Any CPU.ActiveCfg = Release|Any CPU
		{79076A5C-FAEA-4609-BDB9-1263BFA71185}.Release|Any CPU.Build.0 = Release|Any CPU
		{A6BAD2D5-2767-49DF-9FC6-8AE513818B66}.Debug|Any CPU.ActiveCfg = Debug|Any CPU
		{A6BAD2D5-2767-49DF-9FC6-8AE513818B66}.Debug|Any CPU.Build.0 = Debug|Any CPU
		{A6BAD2D5-2767-49DF-9FC6-8AE513818B66}.Release|Any CPU.ActiveCfg = Release|Any CPU
		{A6BAD2D5-2767-49DF-9FC6-8AE513818B66}.Release|Any CPU.Build.0 = Release|Any CPU
		{DE28E7DC-6E16-468D-9B11-B64BCE7AF327}.Debug|Any CPU.ActiveCfg = Debug|Any CPU
		{DE28E7DC-6E16-468D-9B11-B64BCE7AF327}.Debug|Any CPU.Build.0 = Debug|Any CPU
		{DE28E7DC-6E16-468D-9B11-B64BCE7AF327}.Release|Any CPU.ActiveCfg = Release|Any CPU
		{DE28E7DC-6E16-468D-9B11-B64BCE7AF327}.Release|Any CPU.Build.0 = Release|Any CPU
		{2350FDB1-B910-4DE6-81E1-E8075DBBFAB7}.Debug|Any CPU.ActiveCfg = Debug|Any CPU
		{2350FDB1-B910-4DE6-81E1-E8075DBBFAB7}.Debug|Any CPU.Build.0 = Debug|Any CPU
		{2350FDB1-B910-4DE6-81E1-E8075DBBFAB7}.Release|Any CPU.ActiveCfg = Release|Any CPU
		{2350FDB1-B910-4DE6-81E1-E8075DBBFAB7}.Release|Any CPU.Build.0 = Release|Any CPU
		{A5EFD154-72CB-4E57-8927-FD0BDEE13999}.Debug|Any CPU.ActiveCfg = Debug|Any CPU
		{A5EFD154-72CB-4E57-8927-FD0BDEE13999}.Debug|Any CPU.Build.0 = Debug|Any CPU
		{A5EFD154-72CB-4E57-8927-FD0BDEE13999}.Release|Any CPU.ActiveCfg = Release|Any CPU
		{A5EFD154-72CB-4E57-8927-FD0BDEE13999}.Release|Any CPU.Build.0 = Release|Any CPU
		{6D46307A-A043-41EB-9877-FFD0800CC404}.Debug|Any CPU.ActiveCfg = Debug|Any CPU
		{6D46307A-A043-41EB-9877-FFD0800CC404}.Debug|Any CPU.Build.0 = Debug|Any CPU
		{6D46307A-A043-41EB-9877-FFD0800CC404}.Release|Any CPU.ActiveCfg = Release|Any CPU
		{6D46307A-A043-41EB-9877-FFD0800CC404}.Release|Any CPU.Build.0 = Release|Any CPU
	EndGlobalSection
	GlobalSection(SolutionProperties) = preSolution
		HideSolutionNode = FALSE
	EndGlobalSection
	GlobalSection(NestedProjects) = preSolution
		{D9E2DC6B-3E54-421F-9231-A4F3A799BC4C} = {FE1362BA-310E-489C-86F4-A630C909BA18}
		{F62C525C-5A46-46E1-BD18-450ACAF06E26} = {382D501B-82AA-410D-8899-102659B4FEC9}
		{CB50D1D9-55E4-4A2B-8EC7-0ADDE8D7E3BD} = {FE1362BA-310E-489C-86F4-A630C909BA18}
		{782E1C2C-DD48-4453-9939-4C95CA235BAD} = {F15DA273-00D8-40C6-8233-5B572B0EE150}
		{F8A09B5B-83A1-4C35-B965-8468399F4523} = {4B4EEE35-70E2-4BD4-8234-0DADA50E1C8B}
		{6F2CFE6B-15A6-48D1-8663-A1248241676F} = {4B4EEE35-70E2-4BD4-8234-0DADA50E1C8B}
		{F15DA273-00D8-40C6-8233-5B572B0EE150} = {4B4EEE35-70E2-4BD4-8234-0DADA50E1C8B}
		{0C4E34A2-172C-4015-AFB3-658B7FC149D0} = {4B4EEE35-70E2-4BD4-8234-0DADA50E1C8B}
		{E4B1483C-1243-4D6E-B536-37BC3774B32A} = {FE1362BA-310E-489C-86F4-A630C909BA18}
		{ECA1EF9A-84BB-4664-943C-F8E0070569A7} = {FE1362BA-310E-489C-86F4-A630C909BA18}
		{834AFE1E-C2E6-4388-8CA1-C0AB88D49315} = {FE1362BA-310E-489C-86F4-A630C909BA18}
		{5C854AC3-5A22-4795-AC44-D9F5D27209A6} = {4B4EEE35-70E2-4BD4-8234-0DADA50E1C8B}
		{79076A5C-FAEA-4609-BDB9-1263BFA71185} = {F15DA273-00D8-40C6-8233-5B572B0EE150}
		{A6BAD2D5-2767-49DF-9FC6-8AE513818B66} = {F15DA273-00D8-40C6-8233-5B572B0EE150}
		{DE28E7DC-6E16-468D-9B11-B64BCE7AF327} = {782E1C2C-DD48-4453-9939-4C95CA235BAD}
		{2350FDB1-B910-4DE6-81E1-E8075DBBFAB7} = {0C4E34A2-172C-4015-AFB3-658B7FC149D0}
		{A5EFD154-72CB-4E57-8927-FD0BDEE13999} = {0C4E34A2-172C-4015-AFB3-658B7FC149D0}
		{6D46307A-A043-41EB-9877-FFD0800CC404} = {5C854AC3-5A22-4795-AC44-D9F5D27209A6}
	EndGlobalSection
EndGlobal
