
Microsoft Visual Studio Solution File, Format Version 12.00
# Visual Studio Version 16
VisualStudioVersion = 16.0.28803.352
MinimumVisualStudioVersion = 10.0.40219.1
Project("{FAE04EC0-301F-11D3-BF4B-00C04F79EFBC}") = "NSharpDoc", "Applications\NSharpDoc\NSharpDoc.csproj", "{5CBDD17F-2CB1-4217-B6EE-443981708FD7}"
EndProject
Project("{2150E333-8FDC-42A3-9474-1A3956D46DE8}") = "Net", "Net", "{782E1C2C-DD48-4453-9939-4C95CA235BAD}"
EndProject
Project("{2150E333-8FDC-42A3-9474-1A3956D46DE8}") = "Domain", "Domain", "{4B4EEE35-70E2-4BD4-8234-0DADA50E1C8B}"
EndProject
Project("{2150E333-8FDC-42A3-9474-1A3956D46DE8}") = "SourceCode", "SourceCode", "{F15DA273-00D8-40C6-8233-5B572B0EE150}"
EndProject
Project("{2150E333-8FDC-42A3-9474-1A3956D46DE8}") = "DataBase", "DataBase", "{0C4E34A2-172C-4015-AFB3-658B7FC149D0}"
EndProject
Project("{2150E333-8FDC-42A3-9474-1A3956D46DE8}") = "XMLStructs", "XMLStructs", "{5C854AC3-5A22-4795-AC44-D9F5D27209A6}"
EndProject
Project("{2150E333-8FDC-42A3-9474-1A3956D46DE8}") = "HelpPages", "HelpPages", "{3CE2EE1F-167C-4F68-B674-8998F0886664}"
EndProject
Project("{9A19103F-16F7-4668-BE54-9A1E7A4F7556}") = "LibDatabaseDocumenter", "Libraries\Documenters\DataBase\LibDatabaseDocumenter\LibDatabaseDocumenter.csproj", "{70F02FAC-1E96-4DEC-97AF-5DC2EE1BB49B}"
EndProject
Project("{9A19103F-16F7-4668-BE54-9A1E7A4F7556}") = "LibHelpPages.Documenter", "Libraries\Documenters\HelpPages\LibHelpPages.Documenter\LibHelpPages.Documenter.csproj", "{7B86DD4B-AF58-42ED-9110-C5A896994D3E}"
EndProject
Project("{2150E333-8FDC-42A3-9474-1A3956D46DE8}") = "Documenters", "Documenters", "{E9EE9CDA-C611-4F36-BF74-E966C2F14855}"
EndProject
Project("{9A19103F-16F7-4668-BE54-9A1E7A4F7556}") = "LibXMLStructs.Documenter", "Libraries\Documenters\XMLStructs\LibXMLStructs.Documenter\LibXMLStructs.Documenter.csproj", "{2EABC059-ABA6-48A6-9006-0CEBEA21BD69}"
EndProject
Project("{9A19103F-16F7-4668-BE54-9A1E7A4F7556}") = "LibNetParser", "Libraries\Documenters\SourceCode\Net\LibNetParser\LibNetParser.csproj", "{A7A932BD-8D9A-45F8-87D7-B789E4F6ACFF}"
EndProject
Project("{9A19103F-16F7-4668-BE54-9A1E7A4F7556}") = "LibSourceCode.Documenter.Common", "Libraries\Documenters\SourceCode\LibSourceCode.Documenter.Common\LibSourceCode.Documenter.Common.csproj", "{0E29350F-09A1-45E1-AAEC-0F76246743C9}"
EndProject
Project("{9A19103F-16F7-4668-BE54-9A1E7A4F7556}") = "LibSourceCode.Documenter.Models", "Libraries\Documenters\SourceCode\LibSourceCode.Documenter.Models\LibSourceCode.Documenter.Models.csproj", "{5579AC4A-CF65-4BF1-9549-E6037B94E9D6}"
EndProject
Project("{9A19103F-16F7-4668-BE54-9A1E7A4F7556}") = "LibNSharpDoc.Models", "Libraries\LibNSharpDoc.Models\LibNSharpDoc.Models.csproj", "{81E8EAEB-FA26-47DD-A5CC-63F8EAFED7F1}"
EndProject
Project("{9A19103F-16F7-4668-BE54-9A1E7A4F7556}") = "LibNSharpDoc.Processor", "Libraries\LibNSharpDoc.Processor\LibNSharpDoc.Processor.csproj", "{5D360AE6-B1FE-45CB-B2F7-05E48D07A47C}"
EndProject
Project("{9A19103F-16F7-4668-BE54-9A1E7A4F7556}") = "NSharpDocCompiler", "Applications\NSharpDocCompiler\NSharpDocCompiler.csproj", "{1DA22EA8-523B-4519-9E0D-F648660D77E2}"
EndProject
Global
	GlobalSection(SolutionConfigurationPlatforms) = preSolution
		CosmosLocal|Any CPU = CosmosLocal|Any CPU
		Debug|Any CPU = Debug|Any CPU
		Integracion|Any CPU = Integracion|Any CPU
		Produccion|Any CPU = Produccion|Any CPU
		Pruebas|Any CPU = Pruebas|Any CPU
		Release|Any CPU = Release|Any CPU
	EndGlobalSection
	GlobalSection(ProjectConfigurationPlatforms) = postSolution
		{5CBDD17F-2CB1-4217-B6EE-443981708FD7}.CosmosLocal|Any CPU.ActiveCfg = Release|Any CPU
		{5CBDD17F-2CB1-4217-B6EE-443981708FD7}.CosmosLocal|Any CPU.Build.0 = Release|Any CPU
		{5CBDD17F-2CB1-4217-B6EE-443981708FD7}.Debug|Any CPU.ActiveCfg = Debug|Any CPU
		{5CBDD17F-2CB1-4217-B6EE-443981708FD7}.Debug|Any CPU.Build.0 = Debug|Any CPU
		{5CBDD17F-2CB1-4217-B6EE-443981708FD7}.Integracion|Any CPU.ActiveCfg = Release|Any CPU
		{5CBDD17F-2CB1-4217-B6EE-443981708FD7}.Integracion|Any CPU.Build.0 = Release|Any CPU
		{5CBDD17F-2CB1-4217-B6EE-443981708FD7}.Produccion|Any CPU.ActiveCfg = Release|Any CPU
		{5CBDD17F-2CB1-4217-B6EE-443981708FD7}.Produccion|Any CPU.Build.0 = Release|Any CPU
		{5CBDD17F-2CB1-4217-B6EE-443981708FD7}.Pruebas|Any CPU.ActiveCfg = Release|Any CPU
		{5CBDD17F-2CB1-4217-B6EE-443981708FD7}.Pruebas|Any CPU.Build.0 = Release|Any CPU
		{5CBDD17F-2CB1-4217-B6EE-443981708FD7}.Release|Any CPU.ActiveCfg = Release|Any CPU
		{5CBDD17F-2CB1-4217-B6EE-443981708FD7}.Release|Any CPU.Build.0 = Release|Any CPU
		{70F02FAC-1E96-4DEC-97AF-5DC2EE1BB49B}.CosmosLocal|Any CPU.ActiveCfg = Debug|Any CPU
		{70F02FAC-1E96-4DEC-97AF-5DC2EE1BB49B}.CosmosLocal|Any CPU.Build.0 = Debug|Any CPU
		{70F02FAC-1E96-4DEC-97AF-5DC2EE1BB49B}.Debug|Any CPU.ActiveCfg = Debug|Any CPU
		{70F02FAC-1E96-4DEC-97AF-5DC2EE1BB49B}.Debug|Any CPU.Build.0 = Debug|Any CPU
		{70F02FAC-1E96-4DEC-97AF-5DC2EE1BB49B}.Integracion|Any CPU.ActiveCfg = Debug|Any CPU
		{70F02FAC-1E96-4DEC-97AF-5DC2EE1BB49B}.Integracion|Any CPU.Build.0 = Debug|Any CPU
		{70F02FAC-1E96-4DEC-97AF-5DC2EE1BB49B}.Produccion|Any CPU.ActiveCfg = Debug|Any CPU
		{70F02FAC-1E96-4DEC-97AF-5DC2EE1BB49B}.Produccion|Any CPU.Build.0 = Debug|Any CPU
		{70F02FAC-1E96-4DEC-97AF-5DC2EE1BB49B}.Pruebas|Any CPU.ActiveCfg = Debug|Any CPU
		{70F02FAC-1E96-4DEC-97AF-5DC2EE1BB49B}.Pruebas|Any CPU.Build.0 = Debug|Any CPU
		{70F02FAC-1E96-4DEC-97AF-5DC2EE1BB49B}.Release|Any CPU.ActiveCfg = Release|Any CPU
		{70F02FAC-1E96-4DEC-97AF-5DC2EE1BB49B}.Release|Any CPU.Build.0 = Release|Any CPU
		{7B86DD4B-AF58-42ED-9110-C5A896994D3E}.CosmosLocal|Any CPU.ActiveCfg = Debug|Any CPU
		{7B86DD4B-AF58-42ED-9110-C5A896994D3E}.CosmosLocal|Any CPU.Build.0 = Debug|Any CPU
		{7B86DD4B-AF58-42ED-9110-C5A896994D3E}.Debug|Any CPU.ActiveCfg = Debug|Any CPU
		{7B86DD4B-AF58-42ED-9110-C5A896994D3E}.Debug|Any CPU.Build.0 = Debug|Any CPU
		{7B86DD4B-AF58-42ED-9110-C5A896994D3E}.Integracion|Any CPU.ActiveCfg = Debug|Any CPU
		{7B86DD4B-AF58-42ED-9110-C5A896994D3E}.Integracion|Any CPU.Build.0 = Debug|Any CPU
		{7B86DD4B-AF58-42ED-9110-C5A896994D3E}.Produccion|Any CPU.ActiveCfg = Debug|Any CPU
		{7B86DD4B-AF58-42ED-9110-C5A896994D3E}.Produccion|Any CPU.Build.0 = Debug|Any CPU
		{7B86DD4B-AF58-42ED-9110-C5A896994D3E}.Pruebas|Any CPU.ActiveCfg = Debug|Any CPU
		{7B86DD4B-AF58-42ED-9110-C5A896994D3E}.Pruebas|Any CPU.Build.0 = Debug|Any CPU
		{7B86DD4B-AF58-42ED-9110-C5A896994D3E}.Release|Any CPU.ActiveCfg = Release|Any CPU
		{7B86DD4B-AF58-42ED-9110-C5A896994D3E}.Release|Any CPU.Build.0 = Release|Any CPU
		{2EABC059-ABA6-48A6-9006-0CEBEA21BD69}.CosmosLocal|Any CPU.ActiveCfg = Debug|Any CPU
		{2EABC059-ABA6-48A6-9006-0CEBEA21BD69}.CosmosLocal|Any CPU.Build.0 = Debug|Any CPU
		{2EABC059-ABA6-48A6-9006-0CEBEA21BD69}.Debug|Any CPU.ActiveCfg = Debug|Any CPU
		{2EABC059-ABA6-48A6-9006-0CEBEA21BD69}.Debug|Any CPU.Build.0 = Debug|Any CPU
		{2EABC059-ABA6-48A6-9006-0CEBEA21BD69}.Integracion|Any CPU.ActiveCfg = Debug|Any CPU
		{2EABC059-ABA6-48A6-9006-0CEBEA21BD69}.Integracion|Any CPU.Build.0 = Debug|Any CPU
		{2EABC059-ABA6-48A6-9006-0CEBEA21BD69}.Produccion|Any CPU.ActiveCfg = Debug|Any CPU
		{2EABC059-ABA6-48A6-9006-0CEBEA21BD69}.Produccion|Any CPU.Build.0 = Debug|Any CPU
		{2EABC059-ABA6-48A6-9006-0CEBEA21BD69}.Pruebas|Any CPU.ActiveCfg = Debug|Any CPU
		{2EABC059-ABA6-48A6-9006-0CEBEA21BD69}.Pruebas|Any CPU.Build.0 = Debug|Any CPU
		{2EABC059-ABA6-48A6-9006-0CEBEA21BD69}.Release|Any CPU.ActiveCfg = Release|Any CPU
		{2EABC059-ABA6-48A6-9006-0CEBEA21BD69}.Release|Any CPU.Build.0 = Release|Any CPU
		{A7A932BD-8D9A-45F8-87D7-B789E4F6ACFF}.CosmosLocal|Any CPU.ActiveCfg = Debug|Any CPU
		{A7A932BD-8D9A-45F8-87D7-B789E4F6ACFF}.CosmosLocal|Any CPU.Build.0 = Debug|Any CPU
		{A7A932BD-8D9A-45F8-87D7-B789E4F6ACFF}.Debug|Any CPU.ActiveCfg = Debug|Any CPU
		{A7A932BD-8D9A-45F8-87D7-B789E4F6ACFF}.Debug|Any CPU.Build.0 = Debug|Any CPU
		{A7A932BD-8D9A-45F8-87D7-B789E4F6ACFF}.Integracion|Any CPU.ActiveCfg = Debug|Any CPU
		{A7A932BD-8D9A-45F8-87D7-B789E4F6ACFF}.Integracion|Any CPU.Build.0 = Debug|Any CPU
		{A7A932BD-8D9A-45F8-87D7-B789E4F6ACFF}.Produccion|Any CPU.ActiveCfg = Debug|Any CPU
		{A7A932BD-8D9A-45F8-87D7-B789E4F6ACFF}.Produccion|Any CPU.Build.0 = Debug|Any CPU
		{A7A932BD-8D9A-45F8-87D7-B789E4F6ACFF}.Pruebas|Any CPU.ActiveCfg = Debug|Any CPU
		{A7A932BD-8D9A-45F8-87D7-B789E4F6ACFF}.Pruebas|Any CPU.Build.0 = Debug|Any CPU
		{A7A932BD-8D9A-45F8-87D7-B789E4F6ACFF}.Release|Any CPU.ActiveCfg = Release|Any CPU
		{A7A932BD-8D9A-45F8-87D7-B789E4F6ACFF}.Release|Any CPU.Build.0 = Release|Any CPU
		{0E29350F-09A1-45E1-AAEC-0F76246743C9}.CosmosLocal|Any CPU.ActiveCfg = Debug|Any CPU
		{0E29350F-09A1-45E1-AAEC-0F76246743C9}.CosmosLocal|Any CPU.Build.0 = Debug|Any CPU
		{0E29350F-09A1-45E1-AAEC-0F76246743C9}.Debug|Any CPU.ActiveCfg = Debug|Any CPU
		{0E29350F-09A1-45E1-AAEC-0F76246743C9}.Debug|Any CPU.Build.0 = Debug|Any CPU
		{0E29350F-09A1-45E1-AAEC-0F76246743C9}.Integracion|Any CPU.ActiveCfg = Debug|Any CPU
		{0E29350F-09A1-45E1-AAEC-0F76246743C9}.Integracion|Any CPU.Build.0 = Debug|Any CPU
		{0E29350F-09A1-45E1-AAEC-0F76246743C9}.Produccion|Any CPU.ActiveCfg = Debug|Any CPU
		{0E29350F-09A1-45E1-AAEC-0F76246743C9}.Produccion|Any CPU.Build.0 = Debug|Any CPU
		{0E29350F-09A1-45E1-AAEC-0F76246743C9}.Pruebas|Any CPU.ActiveCfg = Debug|Any CPU
		{0E29350F-09A1-45E1-AAEC-0F76246743C9}.Pruebas|Any CPU.Build.0 = Debug|Any CPU
		{0E29350F-09A1-45E1-AAEC-0F76246743C9}.Release|Any CPU.ActiveCfg = Release|Any CPU
		{0E29350F-09A1-45E1-AAEC-0F76246743C9}.Release|Any CPU.Build.0 = Release|Any CPU
		{5579AC4A-CF65-4BF1-9549-E6037B94E9D6}.CosmosLocal|Any CPU.ActiveCfg = Debug|Any CPU
		{5579AC4A-CF65-4BF1-9549-E6037B94E9D6}.CosmosLocal|Any CPU.Build.0 = Debug|Any CPU
		{5579AC4A-CF65-4BF1-9549-E6037B94E9D6}.Debug|Any CPU.ActiveCfg = Debug|Any CPU
		{5579AC4A-CF65-4BF1-9549-E6037B94E9D6}.Debug|Any CPU.Build.0 = Debug|Any CPU
		{5579AC4A-CF65-4BF1-9549-E6037B94E9D6}.Integracion|Any CPU.ActiveCfg = Debug|Any CPU
		{5579AC4A-CF65-4BF1-9549-E6037B94E9D6}.Integracion|Any CPU.Build.0 = Debug|Any CPU
		{5579AC4A-CF65-4BF1-9549-E6037B94E9D6}.Produccion|Any CPU.ActiveCfg = Debug|Any CPU
		{5579AC4A-CF65-4BF1-9549-E6037B94E9D6}.Produccion|Any CPU.Build.0 = Debug|Any CPU
		{5579AC4A-CF65-4BF1-9549-E6037B94E9D6}.Pruebas|Any CPU.ActiveCfg = Debug|Any CPU
		{5579AC4A-CF65-4BF1-9549-E6037B94E9D6}.Pruebas|Any CPU.Build.0 = Debug|Any CPU
		{5579AC4A-CF65-4BF1-9549-E6037B94E9D6}.Release|Any CPU.ActiveCfg = Release|Any CPU
		{5579AC4A-CF65-4BF1-9549-E6037B94E9D6}.Release|Any CPU.Build.0 = Release|Any CPU
		{81E8EAEB-FA26-47DD-A5CC-63F8EAFED7F1}.CosmosLocal|Any CPU.ActiveCfg = Debug|Any CPU
		{81E8EAEB-FA26-47DD-A5CC-63F8EAFED7F1}.CosmosLocal|Any CPU.Build.0 = Debug|Any CPU
		{81E8EAEB-FA26-47DD-A5CC-63F8EAFED7F1}.Debug|Any CPU.ActiveCfg = Debug|Any CPU
		{81E8EAEB-FA26-47DD-A5CC-63F8EAFED7F1}.Debug|Any CPU.Build.0 = Debug|Any CPU
		{81E8EAEB-FA26-47DD-A5CC-63F8EAFED7F1}.Integracion|Any CPU.ActiveCfg = Debug|Any CPU
		{81E8EAEB-FA26-47DD-A5CC-63F8EAFED7F1}.Integracion|Any CPU.Build.0 = Debug|Any CPU
		{81E8EAEB-FA26-47DD-A5CC-63F8EAFED7F1}.Produccion|Any CPU.ActiveCfg = Debug|Any CPU
		{81E8EAEB-FA26-47DD-A5CC-63F8EAFED7F1}.Produccion|Any CPU.Build.0 = Debug|Any CPU
		{81E8EAEB-FA26-47DD-A5CC-63F8EAFED7F1}.Pruebas|Any CPU.ActiveCfg = Debug|Any CPU
		{81E8EAEB-FA26-47DD-A5CC-63F8EAFED7F1}.Pruebas|Any CPU.Build.0 = Debug|Any CPU
		{81E8EAEB-FA26-47DD-A5CC-63F8EAFED7F1}.Release|Any CPU.ActiveCfg = Release|Any CPU
		{81E8EAEB-FA26-47DD-A5CC-63F8EAFED7F1}.Release|Any CPU.Build.0 = Release|Any CPU
		{5D360AE6-B1FE-45CB-B2F7-05E48D07A47C}.CosmosLocal|Any CPU.ActiveCfg = Debug|Any CPU
		{5D360AE6-B1FE-45CB-B2F7-05E48D07A47C}.CosmosLocal|Any CPU.Build.0 = Debug|Any CPU
		{5D360AE6-B1FE-45CB-B2F7-05E48D07A47C}.Debug|Any CPU.ActiveCfg = Debug|Any CPU
		{5D360AE6-B1FE-45CB-B2F7-05E48D07A47C}.Debug|Any CPU.Build.0 = Debug|Any CPU
		{5D360AE6-B1FE-45CB-B2F7-05E48D07A47C}.Integracion|Any CPU.ActiveCfg = Debug|Any CPU
		{5D360AE6-B1FE-45CB-B2F7-05E48D07A47C}.Integracion|Any CPU.Build.0 = Debug|Any CPU
		{5D360AE6-B1FE-45CB-B2F7-05E48D07A47C}.Produccion|Any CPU.ActiveCfg = Debug|Any CPU
		{5D360AE6-B1FE-45CB-B2F7-05E48D07A47C}.Produccion|Any CPU.Build.0 = Debug|Any CPU
		{5D360AE6-B1FE-45CB-B2F7-05E48D07A47C}.Pruebas|Any CPU.ActiveCfg = Debug|Any CPU
		{5D360AE6-B1FE-45CB-B2F7-05E48D07A47C}.Pruebas|Any CPU.Build.0 = Debug|Any CPU
		{5D360AE6-B1FE-45CB-B2F7-05E48D07A47C}.Release|Any CPU.ActiveCfg = Release|Any CPU
		{5D360AE6-B1FE-45CB-B2F7-05E48D07A47C}.Release|Any CPU.Build.0 = Release|Any CPU
		{1DA22EA8-523B-4519-9E0D-F648660D77E2}.CosmosLocal|Any CPU.ActiveCfg = Debug|Any CPU
		{1DA22EA8-523B-4519-9E0D-F648660D77E2}.CosmosLocal|Any CPU.Build.0 = Debug|Any CPU
		{1DA22EA8-523B-4519-9E0D-F648660D77E2}.Debug|Any CPU.ActiveCfg = Debug|Any CPU
		{1DA22EA8-523B-4519-9E0D-F648660D77E2}.Debug|Any CPU.Build.0 = Debug|Any CPU
		{1DA22EA8-523B-4519-9E0D-F648660D77E2}.Integracion|Any CPU.ActiveCfg = Debug|Any CPU
		{1DA22EA8-523B-4519-9E0D-F648660D77E2}.Integracion|Any CPU.Build.0 = Debug|Any CPU
		{1DA22EA8-523B-4519-9E0D-F648660D77E2}.Produccion|Any CPU.ActiveCfg = Debug|Any CPU
		{1DA22EA8-523B-4519-9E0D-F648660D77E2}.Produccion|Any CPU.Build.0 = Debug|Any CPU
		{1DA22EA8-523B-4519-9E0D-F648660D77E2}.Pruebas|Any CPU.ActiveCfg = Debug|Any CPU
		{1DA22EA8-523B-4519-9E0D-F648660D77E2}.Pruebas|Any CPU.Build.0 = Debug|Any CPU
		{1DA22EA8-523B-4519-9E0D-F648660D77E2}.Release|Any CPU.ActiveCfg = Release|Any CPU
		{1DA22EA8-523B-4519-9E0D-F648660D77E2}.Release|Any CPU.Build.0 = Release|Any CPU
	EndGlobalSection
	GlobalSection(SolutionProperties) = preSolution
		HideSolutionNode = FALSE
	EndGlobalSection
	GlobalSection(NestedProjects) = preSolution
		{782E1C2C-DD48-4453-9939-4C95CA235BAD} = {F15DA273-00D8-40C6-8233-5B572B0EE150}
		{F15DA273-00D8-40C6-8233-5B572B0EE150} = {E9EE9CDA-C611-4F36-BF74-E966C2F14855}
		{0C4E34A2-172C-4015-AFB3-658B7FC149D0} = {E9EE9CDA-C611-4F36-BF74-E966C2F14855}
		{5C854AC3-5A22-4795-AC44-D9F5D27209A6} = {E9EE9CDA-C611-4F36-BF74-E966C2F14855}
		{3CE2EE1F-167C-4F68-B674-8998F0886664} = {E9EE9CDA-C611-4F36-BF74-E966C2F14855}
		{70F02FAC-1E96-4DEC-97AF-5DC2EE1BB49B} = {0C4E34A2-172C-4015-AFB3-658B7FC149D0}
		{7B86DD4B-AF58-42ED-9110-C5A896994D3E} = {3CE2EE1F-167C-4F68-B674-8998F0886664}
		{E9EE9CDA-C611-4F36-BF74-E966C2F14855} = {4B4EEE35-70E2-4BD4-8234-0DADA50E1C8B}
		{2EABC059-ABA6-48A6-9006-0CEBEA21BD69} = {5C854AC3-5A22-4795-AC44-D9F5D27209A6}
		{A7A932BD-8D9A-45F8-87D7-B789E4F6ACFF} = {782E1C2C-DD48-4453-9939-4C95CA235BAD}
		{0E29350F-09A1-45E1-AAEC-0F76246743C9} = {F15DA273-00D8-40C6-8233-5B572B0EE150}
		{5579AC4A-CF65-4BF1-9549-E6037B94E9D6} = {F15DA273-00D8-40C6-8233-5B572B0EE150}
		{81E8EAEB-FA26-47DD-A5CC-63F8EAFED7F1} = {4B4EEE35-70E2-4BD4-8234-0DADA50E1C8B}
		{5D360AE6-B1FE-45CB-B2F7-05E48D07A47C} = {4B4EEE35-70E2-4BD4-8234-0DADA50E1C8B}
	EndGlobalSection
	GlobalSection(ExtensibilityGlobals) = postSolution
		SolutionGuid = {79680000-9E79-4987-99C0-620716F8E41A}
	EndGlobalSection
EndGlobal
